
Microsoft Visual Studio Solution File, Format Version 12.00
# Visual Studio Version 17
VisualStudioVersion = 17.13.35806.99 d17.13
MinimumVisualStudioVersion = 10.0.40219.1
Project("{FAE04EC0-301F-11D3-BF4B-00C04F79EFBC}") = "CRM.Api", "CRM.Api\CRM.Api.csproj", "{3268E8E2-6BFC-4C31-8290-A743BA28C010}"
EndProject
Global
	GlobalSection(SolutionConfigurationPlatforms) = preSolution
		Debug|Any CPU = Debug|Any CPU
		Release|Any CPU = Release|Any CPU
	EndGlobalSection
	GlobalSection(ProjectConfigurationPlatforms) = postSolution
		{3268E8E2-6BFC-4C31-8290-A743BA28C010}.Debug|Any CPU.ActiveCfg = Debug|Any CPU
		{3268E8E2-6BFC-4C31-8290-A743BA28C010}.Debug|Any CPU.Build.0 = Debug|Any CPU
		{3268E8E2-6BFC-4C31-8290-A743BA28C010}.Release|Any CPU.ActiveCfg = Release|Any CPU
		{3268E8E2-6BFC-4C31-8290-A743BA28C010}.Release|Any CPU.Build.0 = Release|Any CPU
	EndGlobalSection
	GlobalSection(SolutionProperties) = preSolution
		HideSolutionNode = FALSE
	EndGlobalSection
	GlobalSection(ExtensibilityGlobals) = postSolution
		SolutionGuid = {40B79F4B-701F-4CC4-9C63-359A0B03CE0F}
	EndGlobalSection
EndGlobal
